
Microsoft Visual Studio Solution File, Format Version 12.00
# Visual Studio 15
Project("{FAE04EC0-301F-11D3-BF4B-00C04F79EFBC}") = "Assembly-CSharp", "Assembly-CSharp.csproj", "{AB1E36CD-FAEB-7763-15F4-CB637F068D1A}"
EndProject
Project("{FAE04EC0-301F-11D3-BF4B-00C04F79EFBC}") = "Assembly-CSharp-Editor", "Assembly-CSharp-Editor.csproj", "{44C389E0-13D1-5966-74B5-2F556C042A66}"
EndProject
Global
	GlobalSection(SolutionConfigurationPlatforms) = preSolution
		Debug|Any CPU = Debug|Any CPU
		Release|Any CPU = Release|Any CPU
	EndGlobalSection
	GlobalSection(ProjectConfigurationPlatforms) = postSolution
		{AB1E36CD-FAEB-7763-15F4-CB637F068D1A}.Debug|Any CPU.ActiveCfg = Debug|Any CPU
		{AB1E36CD-FAEB-7763-15F4-CB637F068D1A}.Debug|Any CPU.Build.0 = Debug|Any CPU
		{AB1E36CD-FAEB-7763-15F4-CB637F068D1A}.Release|Any CPU.ActiveCfg = Release|Any CPU
		{AB1E36CD-FAEB-7763-15F4-CB637F068D1A}.Release|Any CPU.Build.0 = Release|Any CPU
		{44C389E0-13D1-5966-74B5-2F556C042A66}.Debug|Any CPU.ActiveCfg = Debug|Any CPU
		{44C389E0-13D1-5966-74B5-2F556C042A66}.Debug|Any CPU.Build.0 = Debug|Any CPU
		{44C389E0-13D1-5966-74B5-2F556C042A66}.Release|Any CPU.ActiveCfg = Release|Any CPU
		{44C389E0-13D1-5966-74B5-2F556C042A66}.Release|Any CPU.Build.0 = Release|Any CPU
	EndGlobalSection
	GlobalSection(SolutionProperties) = preSolution
		HideSolutionNode = FALSE
	EndGlobalSection
EndGlobal
